
Microsoft Visual Studio Solution File, Format Version 12.00
# Visual Studio 15
VisualStudioVersion = 15.0.27703.2047
MinimumVisualStudioVersion = 10.0.40219.1
Project("{8BC9CEB8-8B4A-11D0-8D11-00A0C91BC942}") = "windowsland", "windowsland.vcxproj", "{86FB7445-3849-45D7-8C25-43F587795413}"
EndProject
Global
	GlobalSection(SolutionConfigurationPlatforms) = preSolution
		Debug|x64 = Debug|x64
		Debug|x86 = Debug|x86
		Release|x64 = Release|x64
		Release|x86 = Release|x86
	EndGlobalSection
	GlobalSection(ProjectConfigurationPlatforms) = postSolution
		{86FB7445-3849-45D7-8C25-43F587795413}.Debug|x64.ActiveCfg = Debug|x64
		{86FB7445-3849-45D7-8C25-43F587795413}.Debug|x64.Build.0 = Debug|x64
		{86FB7445-3849-45D7-8C25-43F587795413}.Debug|x86.ActiveCfg = Debug|Win32
		{86FB7445-3849-45D7-8C25-43F587795413}.Debug|x86.Build.0 = Debug|Win32
		{86FB7445-3849-45D7-8C25-43F587795413}.Release|x64.ActiveCfg = Release|x64
		{86FB7445-3849-45D7-8C25-43F587795413}.Release|x64.Build.0 = Release|x64
		{86FB7445-3849-45D7-8C25-43F587795413}.Release|x86.ActiveCfg = Release|Win32
		{86FB7445-3849-45D7-8C25-43F587795413}.Release|x86.Build.0 = Release|Win32
	EndGlobalSection
	GlobalSection(SolutionProperties) = preSolution
		HideSolutionNode = FALSE
	EndGlobalSection
	GlobalSection(ExtensibilityGlobals) = postSolution
		SolutionGuid = {A755081F-1992-4680-9C25-243FCB2F5582}
	EndGlobalSection
EndGlobal
